
Microsoft Visual Studio Solution File, Format Version 12.00
# Visual Studio Version 17
VisualStudioVersion = 17.7.34221.43
MinimumVisualStudioVersion = 10.0.40219.1
Project("{FAE04EC0-301F-11D3-BF4B-00C04F79EFBC}") = "ASP_First_Lesson", "ASP_First_Lesson\ASP_First_Lesson.csproj", "{BDD47D62-0B78-45C8-A7E4-7BD842447D5C}"
EndProject
Global
	GlobalSection(SolutionConfigurationPlatforms) = preSolution
		Debug|Any CPU = Debug|Any CPU
		Release|Any CPU = Release|Any CPU
	EndGlobalSection
	GlobalSection(ProjectConfigurationPlatforms) = postSolution
		{BDD47D62-0B78-45C8-A7E4-7BD842447D5C}.Debug|Any CPU.ActiveCfg = Debug|Any CPU
		{BDD47D62-0B78-45C8-A7E4-7BD842447D5C}.Debug|Any CPU.Build.0 = Debug|Any CPU
		{BDD47D62-0B78-45C8-A7E4-7BD842447D5C}.Release|Any CPU.ActiveCfg = Release|Any CPU
		{BDD47D62-0B78-45C8-A7E4-7BD842447D5C}.Release|Any CPU.Build.0 = Release|Any CPU
	EndGlobalSection
	GlobalSection(SolutionProperties) = preSolution
		HideSolutionNode = FALSE
	EndGlobalSection
	GlobalSection(ExtensibilityGlobals) = postSolution
		SolutionGuid = {1E983DBA-DC64-4257-B227-0600F8108CC7}
	EndGlobalSection
EndGlobal
